
Microsoft Visual Studio Solution File, Format Version 12.00
# Visual Studio 14
VisualStudioVersion = 14.0.25420.1
MinimumVisualStudioVersion = 10.0.40219.1
Project("{E24C65DC-7377-472B-9ABA-BC803B73C61A}") = "Saitti", "Saitti\", "{3E07E2B3-CB80-4885-B897-D2149243510F}"
	ProjectSection(WebsiteProperties) = preProject
		TargetFrameworkMoniker = ".NETFramework,Version%3Dv4.5"
		Debug.AspNetCompiler.VirtualPath = "/localhost_13303"
		Debug.AspNetCompiler.PhysicalPath = "Saitti\"
		Debug.AspNetCompiler.TargetPath = "PrecompiledWeb\localhost_13303\"
		Debug.AspNetCompiler.Updateable = "true"
		Debug.AspNetCompiler.ForceOverwrite = "true"
		Debug.AspNetCompiler.FixedNames = "false"
		Debug.AspNetCompiler.Debug = "True"
		Release.AspNetCompiler.VirtualPath = "/localhost_13303"
		Release.AspNetCompiler.PhysicalPath = "Saitti\"
		Release.AspNetCompiler.TargetPath = "PrecompiledWeb\localhost_13303\"
		Release.AspNetCompiler.Updateable = "true"
		Release.AspNetCompiler.ForceOverwrite = "true"
		Release.AspNetCompiler.FixedNames = "false"
		Release.AspNetCompiler.Debug = "False"
		VWDPort = "13303"
		SlnRelativePath = "Saitti\"
	EndProjectSection
EndProject
Project("{FAE04EC0-301F-11D3-BF4B-00C04F79EFBC}") = "Tehtava 2 - Lotto", "Tehtava 2 - Lotto\Tehtava 2 - Lotto.csproj", "{11DAB296-E45A-478F-8AA1-E13AF4F51AD2}"
EndProject
Project("{FAE04EC0-301F-11D3-BF4B-00C04F79EFBC}") = "Tehtava 3 - Kalenteri", "Tehtava 3 - Kalenteri\Tehtava 3 - Kalenteri.csproj", "{BE7B9653-4B14-4222-BB2E-AFD235A99303}"
EndProject
Project("{FAE04EC0-301F-11D3-BF4B-00C04F79EFBC}") = "Tehtava 4 - Asiakastiedot SQL-Serverilta", "Tehtava 4 - Asiakastiedot SQL-Serverilta\Tehtava 4 - Asiakastiedot SQL-Serverilta.csproj", "{8C1A73BB-73FB-4FC6-BE81-733C1CBB46FD}"
EndProject
Project("{FAE04EC0-301F-11D3-BF4B-00C04F79EFBC}") = "Tehtava 9 - Junatiedot", "Tehtava 9 - Junatiedot\Tehtava 9 - Junatiedot.csproj", "{24AA544C-8EB7-4B35-8C4E-DBDAC691CE24}"
EndProject
Project("{FAE04EC0-301F-11D3-BF4B-00C04F79EFBC}") = "Tehtava 1 - Ikkunan tarjouslaskuri", "Tehtava 1 - Ikkunan tarjouslaskuri\Tehtava 1 - Ikkunan tarjouslaskuri.csproj", "{E307065E-D3E4-4F2C-A4D5-AE4B3C579A89}"
EndProject
Project("{FAE04EC0-301F-11D3-BF4B-00C04F79EFBC}") = "Tehtava 6 - LevykauppaX", "Tehtava 6 - LevykauppaX\Tehtava 6 - LevykauppaX.csproj", "{60220C56-3D34-42FD-BA93-DDE4181219AC}"
EndProject
Project("{FAE04EC0-301F-11D3-BF4B-00C04F79EFBC}") = "Tehtava 8 - FinnKino", "Tehtava 8 - FinnKino\Tehtava 8 - FinnKino.csproj", "{6331B07C-E88C-40F8-8623-6A8351254242}"
EndProject
Project("{FAE04EC0-301F-11D3-BF4B-00C04F79EFBC}") = "Tehtava 7 - Puolijaksopalaute", "Tehtava 7 - Puolijaksopalaute\Tehtava 7 - Puolijaksopalaute.csproj", "{B7C2AF10-4721-406C-B06D-0B5791EFF2C6}"
EndProject
Global
	GlobalSection(SolutionConfigurationPlatforms) = preSolution
		Debug|Any CPU = Debug|Any CPU
		Release|Any CPU = Release|Any CPU
	EndGlobalSection
	GlobalSection(ProjectConfigurationPlatforms) = postSolution
		{3E07E2B3-CB80-4885-B897-D2149243510F}.Debug|Any CPU.ActiveCfg = Debug|Any CPU
		{3E07E2B3-CB80-4885-B897-D2149243510F}.Debug|Any CPU.Build.0 = Debug|Any CPU
		{3E07E2B3-CB80-4885-B897-D2149243510F}.Release|Any CPU.ActiveCfg = Debug|Any CPU
		{3E07E2B3-CB80-4885-B897-D2149243510F}.Release|Any CPU.Build.0 = Debug|Any CPU
		{11DAB296-E45A-478F-8AA1-E13AF4F51AD2}.Debug|Any CPU.ActiveCfg = Debug|Any CPU
		{11DAB296-E45A-478F-8AA1-E13AF4F51AD2}.Debug|Any CPU.Build.0 = Debug|Any CPU
		{11DAB296-E45A-478F-8AA1-E13AF4F51AD2}.Release|Any CPU.ActiveCfg = Release|Any CPU
		{11DAB296-E45A-478F-8AA1-E13AF4F51AD2}.Release|Any CPU.Build.0 = Release|Any CPU
		{BE7B9653-4B14-4222-BB2E-AFD235A99303}.Debug|Any CPU.ActiveCfg = Debug|Any CPU
		{BE7B9653-4B14-4222-BB2E-AFD235A99303}.Debug|Any CPU.Build.0 = Debug|Any CPU
		{BE7B9653-4B14-4222-BB2E-AFD235A99303}.Release|Any CPU.ActiveCfg = Release|Any CPU
		{BE7B9653-4B14-4222-BB2E-AFD235A99303}.Release|Any CPU.Build.0 = Release|Any CPU
		{8C1A73BB-73FB-4FC6-BE81-733C1CBB46FD}.Debug|Any CPU.ActiveCfg = Debug|Any CPU
		{8C1A73BB-73FB-4FC6-BE81-733C1CBB46FD}.Debug|Any CPU.Build.0 = Debug|Any CPU
		{8C1A73BB-73FB-4FC6-BE81-733C1CBB46FD}.Release|Any CPU.ActiveCfg = Release|Any CPU
		{8C1A73BB-73FB-4FC6-BE81-733C1CBB46FD}.Release|Any CPU.Build.0 = Release|Any CPU
		{24AA544C-8EB7-4B35-8C4E-DBDAC691CE24}.Debug|Any CPU.ActiveCfg = Debug|Any CPU
		{24AA544C-8EB7-4B35-8C4E-DBDAC691CE24}.Debug|Any CPU.Build.0 = Debug|Any CPU
		{24AA544C-8EB7-4B35-8C4E-DBDAC691CE24}.Release|Any CPU.ActiveCfg = Release|Any CPU
		{24AA544C-8EB7-4B35-8C4E-DBDAC691CE24}.Release|Any CPU.Build.0 = Release|Any CPU
		{E307065E-D3E4-4F2C-A4D5-AE4B3C579A89}.Debug|Any CPU.ActiveCfg = Debug|Any CPU
		{E307065E-D3E4-4F2C-A4D5-AE4B3C579A89}.Debug|Any CPU.Build.0 = Debug|Any CPU
		{E307065E-D3E4-4F2C-A4D5-AE4B3C579A89}.Release|Any CPU.ActiveCfg = Release|Any CPU
		{E307065E-D3E4-4F2C-A4D5-AE4B3C579A89}.Release|Any CPU.Build.0 = Release|Any CPU
		{60220C56-3D34-42FD-BA93-DDE4181219AC}.Debug|Any CPU.ActiveCfg = Debug|Any CPU
		{60220C56-3D34-42FD-BA93-DDE4181219AC}.Debug|Any CPU.Build.0 = Debug|Any CPU
		{60220C56-3D34-42FD-BA93-DDE4181219AC}.Release|Any CPU.ActiveCfg = Release|Any CPU
		{60220C56-3D34-42FD-BA93-DDE4181219AC}.Release|Any CPU.Build.0 = Release|Any CPU
		{6331B07C-E88C-40F8-8623-6A8351254242}.Debug|Any CPU.ActiveCfg = Debug|Any CPU
		{6331B07C-E88C-40F8-8623-6A8351254242}.Debug|Any CPU.Build.0 = Debug|Any CPU
		{6331B07C-E88C-40F8-8623-6A8351254242}.Release|Any CPU.ActiveCfg = Release|Any CPU
		{6331B07C-E88C-40F8-8623-6A8351254242}.Release|Any CPU.Build.0 = Release|Any CPU
		{B7C2AF10-4721-406C-B06D-0B5791EFF2C6}.Debug|Any CPU.ActiveCfg = Debug|Any CPU
		{B7C2AF10-4721-406C-B06D-0B5791EFF2C6}.Debug|Any CPU.Build.0 = Debug|Any CPU
		{B7C2AF10-4721-406C-B06D-0B5791EFF2C6}.Release|Any CPU.ActiveCfg = Release|Any CPU
		{B7C2AF10-4721-406C-B06D-0B5791EFF2C6}.Release|Any CPU.Build.0 = Release|Any CPU
	EndGlobalSection
	GlobalSection(SolutionProperties) = preSolution
		HideSolutionNode = FALSE
	EndGlobalSection
EndGlobal
